
Microsoft Visual Studio Solution File, Format Version 12.00
# Visual Studio Version 17
VisualStudioVersion = 17.6.33829.357
MinimumVisualStudioVersion = 10.0.40219.1
Project("{FAE04EC0-301F-11D3-BF4B-00C04F79EFBC}") = "st10454732 Thato Omphile Nameng", "st10454732 Thato Omphile Nameng\st10454732 Thato Omphile Nameng.csproj", "{7F0A8751-0EB0-492A-9960-1F69DBC7DD01}"
EndProject
Global
	GlobalSection(SolutionConfigurationPlatforms) = preSolution
		Debug|Any CPU = Debug|Any CPU
		Release|Any CPU = Release|Any CPU
	EndGlobalSection
	GlobalSection(ProjectConfigurationPlatforms) = postSolution
		{7F0A8751-0EB0-492A-9960-1F69DBC7DD01}.Debug|Any CPU.ActiveCfg = Debug|Any CPU
		{7F0A8751-0EB0-492A-9960-1F69DBC7DD01}.Debug|Any CPU.Build.0 = Debug|Any CPU
		{7F0A8751-0EB0-492A-9960-1F69DBC7DD01}.Release|Any CPU.ActiveCfg = Release|Any CPU
		{7F0A8751-0EB0-492A-9960-1F69DBC7DD01}.Release|Any CPU.Build.0 = Release|Any CPU
	EndGlobalSection
	GlobalSection(SolutionProperties) = preSolution
		HideSolutionNode = FALSE
	EndGlobalSection
	GlobalSection(ExtensibilityGlobals) = postSolution
		SolutionGuid = {2D951F5D-2D6B-43C4-B40E-4918FAFBF3B5}
	EndGlobalSection
EndGlobal
